
Microsoft Visual Studio Solution File, Format Version 12.00
# Visual Studio Version 16
VisualStudioVersion = 16.0.31105.61
MinimumVisualStudioVersion = 10.0.40219.1
Project("{FAE04EC0-301F-11D3-BF4B-00C04F79EFBC}") = "CosmosMongoDBFindRU", "CosmosMongoDBFindRU\CosmosMongoDBFindRU.csproj", "{35D2C391-D945-4BD3-9525-6E963130EAFE}"
EndProject
Global
	GlobalSection(SolutionConfigurationPlatforms) = preSolution
		Debug|Any CPU = Debug|Any CPU
		Release|Any CPU = Release|Any CPU
	EndGlobalSection
	GlobalSection(ProjectConfigurationPlatforms) = postSolution
		{35D2C391-D945-4BD3-9525-6E963130EAFE}.Debug|Any CPU.ActiveCfg = Debug|Any CPU
		{35D2C391-D945-4BD3-9525-6E963130EAFE}.Debug|Any CPU.Build.0 = Debug|Any CPU
		{35D2C391-D945-4BD3-9525-6E963130EAFE}.Release|Any CPU.ActiveCfg = Release|Any CPU
		{35D2C391-D945-4BD3-9525-6E963130EAFE}.Release|Any CPU.Build.0 = Release|Any CPU
	EndGlobalSection
	GlobalSection(SolutionProperties) = preSolution
		HideSolutionNode = FALSE
	EndGlobalSection
	GlobalSection(ExtensibilityGlobals) = postSolution
		SolutionGuid = {FE10BE1B-3D3A-412B-80F1-DAE9B7B77C8F}
	EndGlobalSection
EndGlobal
